<?xml version="1.0" encoding="utf-8"?>
<Project ToolsVersion="4.0" xmlns="http://schemas.microsoft.com/developer/msbuild/2003">
  <ItemGroup>
    <Filter Include="源文件">
      <UniqueIdentifier>{4FC737F1-C7A5-4376-A066-2A32D752A2FF}</UniqueIdentifier>
      <Extensions>cpp;c;cc;cxx;def;odl;idl;hpj;bat;asm;asmx</Extensions>
    </Filter>
    <Filter Include="头文件">
      <UniqueIdentifier>{93995380-89BD-4b04-88EB-625FBE52EBFB}</UniqueIdentifier>
      <Extensions>h;hh;hpp;hxx;hm;inl;inc;ipp;xsd</Extensions>
    </Filter>
    <Filter Include="资源文件">
      <UniqueIdentifier>{67DA6AB6-F800-4c08-8B7A-83BB121AAD01}</UniqueIdentifier>
      <Extensions>rc;ico;cur;bmp;dlg;rc2;rct;bin;rgs;gif;jpg;jpeg;jpe;resx;tiff;tif;png;wav;mfcribbon-ms</Extensions>
    </Filter>
    <Filter Include="tcp">
      <UniqueIdentifier>{195c8216-4129-49bf-a6c9-13fffda2cee7}</UniqueIdentifier>
    </Filter>
    <Filter Include="tcp\head">
      <UniqueIdentifier>{4a3d6d39-cfe8-420e-a01f-b4b574519505}</UniqueIdentifier>
    </Filter>
    <Filter Include="tcp\src">
      <UniqueIdentifier>{97170d15-549f-48d5-af2e-407ebfa1e24d}</UniqueIdentifier>
    </Filter>
  </ItemGroup>
  <ItemGroup>
    <ClInclude Include="..\..\include\mmUtility\CmmUtility.h">
      <Filter>头文件</Filter>
    </ClInclude>
    <ClInclude Include="..\..\include\mmUtility\util.h">
      <Filter>头文件</Filter>
    </ClInclude>
    <ClInclude Include="Singleton.h">
      <Filter>头文件</Filter>
    </ClInclude>
    <ClInclude Include="RefCounterPtr.h">
      <Filter>头文件</Filter>
    </ClInclude>
    <ClInclude Include="strategy.h">
      <Filter>头文件</Filter>
    </ClInclude>
    <ClInclude Include="..\..\include\mmUtility\hashtable.h">
      <Filter>头文件</Filter>
    </ClInclude>
    <ClInclude Include="..\..\include\mmUtility\hashMap.h">
      <Filter>头文件</Filter>
    </ClInclude>
    <ClInclude Include="longestDup.h">
      <Filter>源文件</Filter>
    </ClInclude>
    <ClInclude Include="..\..\include\mmUtility\ThreadPool.h">
      <Filter>头文件</Filter>
    </ClInclude>
    <ClInclude Include="..\..\include\mmUtility\tcp\DataBuffer.h">
      <Filter>tcp\head</Filter>
    </ClInclude>
    <ClInclude Include="..\..\include\mmUtility\tcp\mmTcpClient.h">
      <Filter>tcp\head</Filter>
    </ClInclude>
    <ClInclude Include="..\..\include\mmUtility\tcp\mmTcpConnection.h">
      <Filter>tcp\head</Filter>
    </ClInclude>
    <ClInclude Include="..\..\include\mmUtility\tcp\mmTcpServer.h">
      <Filter>tcp\head</Filter>
    </ClInclude>
    <ClInclude Include="..\..\include\mmUtility\tcp\mmTcpProxy.h">
      <Filter>tcp\head</Filter>
    </ClInclude>
    <ClInclude Include="..\..\include\mmUtility\tcp\mmTcpServerMgn.h">
      <Filter>tcp\head</Filter>
    </ClInclude>
    <ClInclude Include="..\..\include\mmUtility\tcp\connectMgn.h">
      <Filter>tcp\head</Filter>
    </ClInclude>
    <ClInclude Include="..\..\include\mmUtility\tcp\mmConnectionData.h">
      <Filter>tcp\head</Filter>
    </ClInclude>
    <ClInclude Include="..\..\include\mmUtility\tcp\TCPConnectStruct.h">
      <Filter>tcp\head</Filter>
    </ClInclude>
    <ClInclude Include="..\..\include\mmUtility\tcp\mmTcpClientConnection.h">
      <Filter>tcp\head</Filter>
    </ClInclude>
  </ItemGroup>
  <ItemGroup>
    <ClCompile Include="CmmUtility.cpp">
      <Filter>源文件</Filter>
    </ClCompile>
    <ClCompile Include="Singleton.cpp">
      <Filter>源文件</Filter>
    </ClCompile>
    <ClCompile Include="RefCounterPtr.cpp">
      <Filter>源文件</Filter>
    </ClCompile>
    <ClCompile Include="DataBuffer.cpp">
      <Filter>源文件</Filter>
    </ClCompile>
    <ClCompile Include="connectMgn.cpp">
      <Filter>tcp\src</Filter>
    </ClCompile>
    <ClCompile Include="mmTcpClient.cpp">
      <Filter>tcp\src</Filter>
    </ClCompile>
    <ClCompile Include="mmTcpConnection.cpp">
      <Filter>tcp\src</Filter>
    </ClCompile>
    <ClCompile Include="mmTcpServer.cpp">
      <Filter>tcp\src</Filter>
    </ClCompile>
    <ClCompile Include="mmTcpServerMgn.cpp">
      <Filter>tcp\src</Filter>
    </ClCompile>
    <ClCompile Include="mmConnectionData.cpp">
      <Filter>tcp\src</Filter>
    </ClCompile>
    <ClCompile Include="mmTcpClientConnection.cpp">
      <Filter>tcp\src</Filter>
    </ClCompile>
  </ItemGroup>
</Project>